
Microsoft Visual Studio Solution File, Format Version 12.00
# Visual Studio Version 16
VisualStudioVersion = 16.0.29306.81
MinimumVisualStudioVersion = 10.0.40219.1
Project("{FAE04EC0-301F-11D3-BF4B-00C04F79EFBC}") = "Slot Machine", "Slot Machine.csproj", "{3A3E9425-4DEB-4CEF-B14D-3CFB2F07F79A}"
EndProject
Global
	GlobalSection(SolutionConfigurationPlatforms) = preSolution
		Debug|Any CPU = Debug|Any CPU
		Release|Any CPU = Release|Any CPU
	EndGlobalSection
	GlobalSection(ProjectConfigurationPlatforms) = postSolution
		{3A3E9425-4DEB-4CEF-B14D-3CFB2F07F79A}.Debug|Any CPU.ActiveCfg = Debug|Any CPU
		{3A3E9425-4DEB-4CEF-B14D-3CFB2F07F79A}.Debug|Any CPU.Build.0 = Debug|Any CPU
		{3A3E9425-4DEB-4CEF-B14D-3CFB2F07F79A}.Release|Any CPU.ActiveCfg = Release|Any CPU
		{3A3E9425-4DEB-4CEF-B14D-3CFB2F07F79A}.Release|Any CPU.Build.0 = Release|Any CPU
	EndGlobalSection
	GlobalSection(SolutionProperties) = preSolution
		HideSolutionNode = FALSE
	EndGlobalSection
	GlobalSection(ExtensibilityGlobals) = postSolution
		SolutionGuid = {9792F93E-5116-4B24-92C4-3B2074CABA3C}
	EndGlobalSection
EndGlobal
